
Microsoft Visual Studio Solution File, Format Version 11.00
# Visual Studio 2010
Project("{FAE04EC0-301F-11D3-BF4B-00C04F79EFBC}") = "Assembly-CSharp", "Assembly-CSharp.csproj", "{fab06131-34e2-4bfa-5515-3f28aaa20e3d}"
EndProject
Project("{FAE04EC0-301F-11D3-BF4B-00C04F79EFBC}") = "Assembly-CSharp-Editor", "Assembly-CSharp-Editor.csproj", "{5b801310-633a-9188-e604-89b9fa66892e}"
EndProject
Global
	GlobalSection(SolutionConfigurationPlatforms) = preSolution
		Debug|Any CPU = Debug|Any CPU
	EndGlobalSection
	GlobalSection(ProjectConfigurationPlatforms) = postSolution
		{fab06131-34e2-4bfa-5515-3f28aaa20e3d}.Debug|Any CPU.ActiveCfg = Debug|Any CPU
		{fab06131-34e2-4bfa-5515-3f28aaa20e3d}.Debug|Any CPU.Build.0 = Debug|Any CPU
		{5b801310-633a-9188-e604-89b9fa66892e}.Debug|Any CPU.ActiveCfg = Debug|Any CPU
		{5b801310-633a-9188-e604-89b9fa66892e}.Debug|Any CPU.Build.0 = Debug|Any CPU
	EndGlobalSection
	GlobalSection(SolutionProperties) = preSolution
		HideSolutionNode = FALSE
	EndGlobalSection
EndGlobal
